
Microsoft Visual Studio Solution File, Format Version 12.00
# Visual Studio 15
VisualStudioVersion = 15.0.27004.2009
MinimumVisualStudioVersion = 10.0.40219.1
Project("{FAE04EC0-301F-11D3-BF4B-00C04F79EFBC}") = "P01_StudentSystem", "P01_StudentSystem\P01_StudentSystem.csproj", "{9B396638-C774-49A7-87F6-A28DBD6FE892}"
EndProject
Project("{FAE04EC0-301F-11D3-BF4B-00C04F79EFBC}") = "P01_StudentsystemStartUp", "P01_StudentsystemStartUp\P01_StudentsystemStartUp.csproj", "{7C5777A7-2574-4BF9-ADE2-17663AE63503}"
EndProject
Global
	GlobalSection(SolutionConfigurationPlatforms) = preSolution
		Debug|Any CPU = Debug|Any CPU
		Release|Any CPU = Release|Any CPU
	EndGlobalSection
	GlobalSection(ProjectConfigurationPlatforms) = postSolution
		{9B396638-C774-49A7-87F6-A28DBD6FE892}.Debug|Any CPU.ActiveCfg = Debug|Any CPU
		{9B396638-C774-49A7-87F6-A28DBD6FE892}.Debug|Any CPU.Build.0 = Debug|Any CPU
		{9B396638-C774-49A7-87F6-A28DBD6FE892}.Release|Any CPU.ActiveCfg = Release|Any CPU
		{9B396638-C774-49A7-87F6-A28DBD6FE892}.Release|Any CPU.Build.0 = Release|Any CPU
		{7C5777A7-2574-4BF9-ADE2-17663AE63503}.Debug|Any CPU.ActiveCfg = Debug|Any CPU
		{7C5777A7-2574-4BF9-ADE2-17663AE63503}.Debug|Any CPU.Build.0 = Debug|Any CPU
		{7C5777A7-2574-4BF9-ADE2-17663AE63503}.Release|Any CPU.ActiveCfg = Release|Any CPU
		{7C5777A7-2574-4BF9-ADE2-17663AE63503}.Release|Any CPU.Build.0 = Release|Any CPU
	EndGlobalSection
	GlobalSection(SolutionProperties) = preSolution
		HideSolutionNode = FALSE
	EndGlobalSection
	GlobalSection(ExtensibilityGlobals) = postSolution
		SolutionGuid = {52171EE0-509A-4FB5-8A70-F9F15F4BAE4F}
	EndGlobalSection
EndGlobal
