
Microsoft Visual Studio Solution File, Format Version 12.00
# Visual Studio 15
VisualStudioVersion = 15.0.27004.2010
MinimumVisualStudioVersion = 10.0.40219.1
Project("{9A19103F-16F7-4668-BE54-9A1E7A4F7556}") = "ProductsShop.App", "ProductsShop.App\ProductsShop.App.csproj", "{F4F49544-D161-436A-8A9C-7FF7D58DE1B0}"
EndProject
Project("{9A19103F-16F7-4668-BE54-9A1E7A4F7556}") = "ProductsShop.Data", "ProductsShop.Data\ProductsShop.Data.csproj", "{73CF0304-ADC7-4EA4-B6B0-368E3C29F9DE}"
EndProject
Project("{9A19103F-16F7-4668-BE54-9A1E7A4F7556}") = "ProductsShop.Models", "ProductsShop.Models\ProductsShop.Models.csproj", "{9F369203-4A13-475A-9363-DB0FC01B899E}"
EndProject
Global
	GlobalSection(SolutionConfigurationPlatforms) = preSolution
		Debug|Any CPU = Debug|Any CPU
		Release|Any CPU = Release|Any CPU
	EndGlobalSection
	GlobalSection(ProjectConfigurationPlatforms) = postSolution
		{F4F49544-D161-436A-8A9C-7FF7D58DE1B0}.Debug|Any CPU.ActiveCfg = Debug|Any CPU
		{F4F49544-D161-436A-8A9C-7FF7D58DE1B0}.Debug|Any CPU.Build.0 = Debug|Any CPU
		{F4F49544-D161-436A-8A9C-7FF7D58DE1B0}.Release|Any CPU.ActiveCfg = Release|Any CPU
		{F4F49544-D161-436A-8A9C-7FF7D58DE1B0}.Release|Any CPU.Build.0 = Release|Any CPU
		{73CF0304-ADC7-4EA4-B6B0-368E3C29F9DE}.Debug|Any CPU.ActiveCfg = Debug|Any CPU
		{73CF0304-ADC7-4EA4-B6B0-368E3C29F9DE}.Debug|Any CPU.Build.0 = Debug|Any CPU
		{73CF0304-ADC7-4EA4-B6B0-368E3C29F9DE}.Release|Any CPU.ActiveCfg = Release|Any CPU
		{73CF0304-ADC7-4EA4-B6B0-368E3C29F9DE}.Release|Any CPU.Build.0 = Release|Any CPU
		{9F369203-4A13-475A-9363-DB0FC01B899E}.Debug|Any CPU.ActiveCfg = Debug|Any CPU
		{9F369203-4A13-475A-9363-DB0FC01B899E}.Debug|Any CPU.Build.0 = Debug|Any CPU
		{9F369203-4A13-475A-9363-DB0FC01B899E}.Release|Any CPU.ActiveCfg = Release|Any CPU
		{9F369203-4A13-475A-9363-DB0FC01B899E}.Release|Any CPU.Build.0 = Release|Any CPU
	EndGlobalSection
	GlobalSection(SolutionProperties) = preSolution
		HideSolutionNode = FALSE
	EndGlobalSection
	GlobalSection(ExtensibilityGlobals) = postSolution
		SolutionGuid = {12147C5C-9297-4F9D-8228-077952D9EB98}
	EndGlobalSection
EndGlobal
