
Microsoft Visual Studio Solution File, Format Version 12.00
# Visual Studio 15
VisualStudioVersion = 15.0.27130.2036
MinimumVisualStudioVersion = 10.0.40219.1
Project("{9A19103F-16F7-4668-BE54-9A1E7A4F7556}") = "ClassBox", "ClassBox\ClassBox.csproj", "{FA512AE9-3E73-48F7-AE3E-C8F01C03EF8E}"
EndProject
Project("{9A19103F-16F7-4668-BE54-9A1E7A4F7556}") = "AnimalFarm", "AnimalFarm\AnimalFarm.csproj", "{C8EFF03F-6C4B-466E-B384-A7BE7F9E0BA0}"
EndProject
Project("{9A19103F-16F7-4668-BE54-9A1E7A4F7556}") = "ShoppingSpree", "ShoppingSpree\ShoppingSpree.csproj", "{3EB8B0E4-95DF-47F4-B2D6-7E93080480A3}"
EndProject
Project("{FAE04EC0-301F-11D3-BF4B-00C04F79EFBC}") = "PizzaCalories", "PizzaCalories\PizzaCalories.csproj", "{989B342A-E544-4CD9-9CAE-DD0D396EF32F}"
EndProject
Global
	GlobalSection(SolutionConfigurationPlatforms) = preSolution
		Debug|Any CPU = Debug|Any CPU
		Release|Any CPU = Release|Any CPU
	EndGlobalSection
	GlobalSection(ProjectConfigurationPlatforms) = postSolution
		{FA512AE9-3E73-48F7-AE3E-C8F01C03EF8E}.Debug|Any CPU.ActiveCfg = Debug|Any CPU
		{FA512AE9-3E73-48F7-AE3E-C8F01C03EF8E}.Debug|Any CPU.Build.0 = Debug|Any CPU
		{FA512AE9-3E73-48F7-AE3E-C8F01C03EF8E}.Release|Any CPU.ActiveCfg = Release|Any CPU
		{FA512AE9-3E73-48F7-AE3E-C8F01C03EF8E}.Release|Any CPU.Build.0 = Release|Any CPU
		{C8EFF03F-6C4B-466E-B384-A7BE7F9E0BA0}.Debug|Any CPU.ActiveCfg = Debug|Any CPU
		{C8EFF03F-6C4B-466E-B384-A7BE7F9E0BA0}.Debug|Any CPU.Build.0 = Debug|Any CPU
		{C8EFF03F-6C4B-466E-B384-A7BE7F9E0BA0}.Release|Any CPU.ActiveCfg = Release|Any CPU
		{C8EFF03F-6C4B-466E-B384-A7BE7F9E0BA0}.Release|Any CPU.Build.0 = Release|Any CPU
		{3EB8B0E4-95DF-47F4-B2D6-7E93080480A3}.Debug|Any CPU.ActiveCfg = Debug|Any CPU
		{3EB8B0E4-95DF-47F4-B2D6-7E93080480A3}.Debug|Any CPU.Build.0 = Debug|Any CPU
		{3EB8B0E4-95DF-47F4-B2D6-7E93080480A3}.Release|Any CPU.ActiveCfg = Release|Any CPU
		{3EB8B0E4-95DF-47F4-B2D6-7E93080480A3}.Release|Any CPU.Build.0 = Release|Any CPU
		{989B342A-E544-4CD9-9CAE-DD0D396EF32F}.Debug|Any CPU.ActiveCfg = Debug|Any CPU
		{989B342A-E544-4CD9-9CAE-DD0D396EF32F}.Debug|Any CPU.Build.0 = Debug|Any CPU
		{989B342A-E544-4CD9-9CAE-DD0D396EF32F}.Release|Any CPU.ActiveCfg = Release|Any CPU
		{989B342A-E544-4CD9-9CAE-DD0D396EF32F}.Release|Any CPU.Build.0 = Release|Any CPU
	EndGlobalSection
	GlobalSection(SolutionProperties) = preSolution
		HideSolutionNode = FALSE
	EndGlobalSection
	GlobalSection(ExtensibilityGlobals) = postSolution
		SolutionGuid = {F6CCD0D3-F6EF-498B-BE24-28A44A5B5D28}
	EndGlobalSection
EndGlobal
