
Microsoft Visual Studio Solution File, Format Version 12.00
# Visual Studio 15
VisualStudioVersion = 15.0.27130.2027
MinimumVisualStudioVersion = 10.0.40219.1
Project("{9A19103F-16F7-4668-BE54-9A1E7A4F7556}") = "BriardHistory", "BriardHistory\BriardHistory.csproj", "{674DFBFE-3797-464B-B7F1-A778B676A159}"
EndProject
Project("{9A19103F-16F7-4668-BE54-9A1E7A4F7556}") = "Autumn", "Autumn\Autumn.csproj", "{F4606C88-73E2-4521-BF72-D515C89DD8D7}"
EndProject
Project("{FAE04EC0-301F-11D3-BF4B-00C04F79EFBC}") = "BookReview", "BookReview\BookReview.csproj", "{A32AEBA7-5545-4BDE-AA0A-6425E187FAE6}"
EndProject
Project("{FAE04EC0-301F-11D3-BF4B-00C04F79EFBC}") = "OptionPanels", "OptionPanels\OptionPanels.csproj", "{7F5ACE92-5CF3-46AA-A131-7117462B1CAD}"
EndProject
Project("{FAE04EC0-301F-11D3-BF4B-00C04F79EFBC}") = "BBCNews", "BBCNews\BBCNews.csproj", "{22CD6BD0-779B-421F-A7D4-137D710D78DD}"
EndProject
Project("{FAE04EC0-301F-11D3-BF4B-00C04F79EFBC}") = "ITNews", "ITNews\ITNews.csproj", "{71C7E12E-BB52-4AB7-9E70-3E7AD40D3B2A}"
EndProject
Global
	GlobalSection(SolutionConfigurationPlatforms) = preSolution
		Debug|Any CPU = Debug|Any CPU
		Release|Any CPU = Release|Any CPU
	EndGlobalSection
	GlobalSection(ProjectConfigurationPlatforms) = postSolution
		{674DFBFE-3797-464B-B7F1-A778B676A159}.Debug|Any CPU.ActiveCfg = Debug|Any CPU
		{674DFBFE-3797-464B-B7F1-A778B676A159}.Debug|Any CPU.Build.0 = Debug|Any CPU
		{674DFBFE-3797-464B-B7F1-A778B676A159}.Release|Any CPU.ActiveCfg = Release|Any CPU
		{674DFBFE-3797-464B-B7F1-A778B676A159}.Release|Any CPU.Build.0 = Release|Any CPU
		{F4606C88-73E2-4521-BF72-D515C89DD8D7}.Debug|Any CPU.ActiveCfg = Debug|Any CPU
		{F4606C88-73E2-4521-BF72-D515C89DD8D7}.Debug|Any CPU.Build.0 = Debug|Any CPU
		{F4606C88-73E2-4521-BF72-D515C89DD8D7}.Release|Any CPU.ActiveCfg = Release|Any CPU
		{F4606C88-73E2-4521-BF72-D515C89DD8D7}.Release|Any CPU.Build.0 = Release|Any CPU
		{A32AEBA7-5545-4BDE-AA0A-6425E187FAE6}.Debug|Any CPU.ActiveCfg = Debug|Any CPU
		{A32AEBA7-5545-4BDE-AA0A-6425E187FAE6}.Debug|Any CPU.Build.0 = Debug|Any CPU
		{A32AEBA7-5545-4BDE-AA0A-6425E187FAE6}.Release|Any CPU.ActiveCfg = Release|Any CPU
		{A32AEBA7-5545-4BDE-AA0A-6425E187FAE6}.Release|Any CPU.Build.0 = Release|Any CPU
		{7F5ACE92-5CF3-46AA-A131-7117462B1CAD}.Debug|Any CPU.ActiveCfg = Debug|Any CPU
		{7F5ACE92-5CF3-46AA-A131-7117462B1CAD}.Debug|Any CPU.Build.0 = Debug|Any CPU
		{7F5ACE92-5CF3-46AA-A131-7117462B1CAD}.Release|Any CPU.ActiveCfg = Release|Any CPU
		{7F5ACE92-5CF3-46AA-A131-7117462B1CAD}.Release|Any CPU.Build.0 = Release|Any CPU
		{22CD6BD0-779B-421F-A7D4-137D710D78DD}.Debug|Any CPU.ActiveCfg = Debug|Any CPU
		{22CD6BD0-779B-421F-A7D4-137D710D78DD}.Debug|Any CPU.Build.0 = Debug|Any CPU
		{22CD6BD0-779B-421F-A7D4-137D710D78DD}.Release|Any CPU.ActiveCfg = Release|Any CPU
		{22CD6BD0-779B-421F-A7D4-137D710D78DD}.Release|Any CPU.Build.0 = Release|Any CPU
		{71C7E12E-BB52-4AB7-9E70-3E7AD40D3B2A}.Debug|Any CPU.ActiveCfg = Debug|Any CPU
		{71C7E12E-BB52-4AB7-9E70-3E7AD40D3B2A}.Debug|Any CPU.Build.0 = Debug|Any CPU
		{71C7E12E-BB52-4AB7-9E70-3E7AD40D3B2A}.Release|Any CPU.ActiveCfg = Release|Any CPU
		{71C7E12E-BB52-4AB7-9E70-3E7AD40D3B2A}.Release|Any CPU.Build.0 = Release|Any CPU
	EndGlobalSection
	GlobalSection(SolutionProperties) = preSolution
		HideSolutionNode = FALSE
	EndGlobalSection
	GlobalSection(ExtensibilityGlobals) = postSolution
		SolutionGuid = {EBE8314B-B68A-40FB-BCDC-345CAFE36239}
	EndGlobalSection
EndGlobal
