
Microsoft Visual Studio Solution File, Format Version 12.00
# Visual Studio 15
VisualStudioVersion = 15.0.27004.2006
MinimumVisualStudioVersion = 10.0.40219.1
Project("{FAE04EC0-301F-11D3-BF4B-00C04F79EFBC}") = "OldestFamilyMember", "OldestFamilyMember\OldestFamilyMember.csproj", "{5EC2614B-DA93-4068-AEA5-2604686FF8B0}"
EndProject
Project("{FAE04EC0-301F-11D3-BF4B-00C04F79EFBC}") = "DateModifier", "DateModifier\DateModifier.csproj", "{E5F890A8-1DFE-4542-A456-85C371B2F596}"
EndProject
Project("{FAE04EC0-301F-11D3-BF4B-00C04F79EFBC}") = "RawData", "RawData\RawData.csproj", "{0428AB70-F6B9-4CCE-A089-49AC195D4648}"
EndProject
Project("{FAE04EC0-301F-11D3-BF4B-00C04F79EFBC}") = "AnimalFarm", "AnimalFarm\AnimalFarm.csproj", "{32AEC171-3440-43ED-822B-E7F89C5A8651}"
EndProject
Project("{FAE04EC0-301F-11D3-BF4B-00C04F79EFBC}") = "FootballTeamGenerator", "FootballTeamGenerator\FootballTeamGenerator.csproj", "{FDF6A14A-857E-4E43-B3BC-40CF3378D06E}"
EndProject
Project("{FAE04EC0-301F-11D3-BF4B-00C04F79EFBC}") = "OnlineRadioDatabase", "OnlineRadioDatabase\OnlineRadioDatabase.csproj", "{C24D4AC9-B7A7-4098-B1A1-FB8D38E2B860}"
EndProject
Global
	GlobalSection(SolutionConfigurationPlatforms) = preSolution
		Debug|Any CPU = Debug|Any CPU
		Release|Any CPU = Release|Any CPU
	EndGlobalSection
	GlobalSection(ProjectConfigurationPlatforms) = postSolution
		{5EC2614B-DA93-4068-AEA5-2604686FF8B0}.Debug|Any CPU.ActiveCfg = Debug|Any CPU
		{5EC2614B-DA93-4068-AEA5-2604686FF8B0}.Debug|Any CPU.Build.0 = Debug|Any CPU
		{5EC2614B-DA93-4068-AEA5-2604686FF8B0}.Release|Any CPU.ActiveCfg = Release|Any CPU
		{5EC2614B-DA93-4068-AEA5-2604686FF8B0}.Release|Any CPU.Build.0 = Release|Any CPU
		{E5F890A8-1DFE-4542-A456-85C371B2F596}.Debug|Any CPU.ActiveCfg = Debug|Any CPU
		{E5F890A8-1DFE-4542-A456-85C371B2F596}.Debug|Any CPU.Build.0 = Debug|Any CPU
		{E5F890A8-1DFE-4542-A456-85C371B2F596}.Release|Any CPU.ActiveCfg = Release|Any CPU
		{E5F890A8-1DFE-4542-A456-85C371B2F596}.Release|Any CPU.Build.0 = Release|Any CPU
		{0428AB70-F6B9-4CCE-A089-49AC195D4648}.Debug|Any CPU.ActiveCfg = Debug|Any CPU
		{0428AB70-F6B9-4CCE-A089-49AC195D4648}.Debug|Any CPU.Build.0 = Debug|Any CPU
		{0428AB70-F6B9-4CCE-A089-49AC195D4648}.Release|Any CPU.ActiveCfg = Release|Any CPU
		{0428AB70-F6B9-4CCE-A089-49AC195D4648}.Release|Any CPU.Build.0 = Release|Any CPU
		{32AEC171-3440-43ED-822B-E7F89C5A8651}.Debug|Any CPU.ActiveCfg = Debug|Any CPU
		{32AEC171-3440-43ED-822B-E7F89C5A8651}.Debug|Any CPU.Build.0 = Debug|Any CPU
		{32AEC171-3440-43ED-822B-E7F89C5A8651}.Release|Any CPU.ActiveCfg = Release|Any CPU
		{32AEC171-3440-43ED-822B-E7F89C5A8651}.Release|Any CPU.Build.0 = Release|Any CPU
		{FDF6A14A-857E-4E43-B3BC-40CF3378D06E}.Debug|Any CPU.ActiveCfg = Debug|Any CPU
		{FDF6A14A-857E-4E43-B3BC-40CF3378D06E}.Debug|Any CPU.Build.0 = Debug|Any CPU
		{FDF6A14A-857E-4E43-B3BC-40CF3378D06E}.Release|Any CPU.ActiveCfg = Release|Any CPU
		{FDF6A14A-857E-4E43-B3BC-40CF3378D06E}.Release|Any CPU.Build.0 = Release|Any CPU
		{C24D4AC9-B7A7-4098-B1A1-FB8D38E2B860}.Debug|Any CPU.ActiveCfg = Debug|Any CPU
		{C24D4AC9-B7A7-4098-B1A1-FB8D38E2B860}.Debug|Any CPU.Build.0 = Debug|Any CPU
		{C24D4AC9-B7A7-4098-B1A1-FB8D38E2B860}.Release|Any CPU.ActiveCfg = Release|Any CPU
		{C24D4AC9-B7A7-4098-B1A1-FB8D38E2B860}.Release|Any CPU.Build.0 = Release|Any CPU
	EndGlobalSection
	GlobalSection(SolutionProperties) = preSolution
		HideSolutionNode = FALSE
	EndGlobalSection
	GlobalSection(ExtensibilityGlobals) = postSolution
		SolutionGuid = {01C6145E-0D6D-435F-B583-D281E996D1BA}
	EndGlobalSection
EndGlobal
