
Microsoft Visual Studio Solution File, Format Version 12.00
# Visual Studio 15
VisualStudioVersion = 15.0.27130.2036
MinimumVisualStudioVersion = 10.0.40219.1
Project("{9A19103F-16F7-4668-BE54-9A1E7A4F7556}") = "Vehicles", "Vehicles\Vehicles.csproj", "{6BB45A80-9A58-4826-8133-F7C778BBDABF}"
EndProject
Project("{9A19103F-16F7-4668-BE54-9A1E7A4F7556}") = "VehiclesExtension", "VehiclesExtension\VehiclesExtension.csproj", "{FABB6418-ED6A-4F57-AE3B-A6C4B9CF2451}"
EndProject
Project("{FAE04EC0-301F-11D3-BF4B-00C04F79EFBC}") = "WildFarm", "WildFarm\WildFarm.csproj", "{DE5815BC-EECA-491B-BF5D-8B35DA8A792D}"
EndProject
Global
	GlobalSection(SolutionConfigurationPlatforms) = preSolution
		Debug|Any CPU = Debug|Any CPU
		Release|Any CPU = Release|Any CPU
	EndGlobalSection
	GlobalSection(ProjectConfigurationPlatforms) = postSolution
		{6BB45A80-9A58-4826-8133-F7C778BBDABF}.Debug|Any CPU.ActiveCfg = Debug|Any CPU
		{6BB45A80-9A58-4826-8133-F7C778BBDABF}.Debug|Any CPU.Build.0 = Debug|Any CPU
		{6BB45A80-9A58-4826-8133-F7C778BBDABF}.Release|Any CPU.ActiveCfg = Release|Any CPU
		{6BB45A80-9A58-4826-8133-F7C778BBDABF}.Release|Any CPU.Build.0 = Release|Any CPU
		{FABB6418-ED6A-4F57-AE3B-A6C4B9CF2451}.Debug|Any CPU.ActiveCfg = Debug|Any CPU
		{FABB6418-ED6A-4F57-AE3B-A6C4B9CF2451}.Debug|Any CPU.Build.0 = Debug|Any CPU
		{FABB6418-ED6A-4F57-AE3B-A6C4B9CF2451}.Release|Any CPU.ActiveCfg = Release|Any CPU
		{FABB6418-ED6A-4F57-AE3B-A6C4B9CF2451}.Release|Any CPU.Build.0 = Release|Any CPU
		{DE5815BC-EECA-491B-BF5D-8B35DA8A792D}.Debug|Any CPU.ActiveCfg = Debug|Any CPU
		{DE5815BC-EECA-491B-BF5D-8B35DA8A792D}.Debug|Any CPU.Build.0 = Debug|Any CPU
		{DE5815BC-EECA-491B-BF5D-8B35DA8A792D}.Release|Any CPU.ActiveCfg = Release|Any CPU
		{DE5815BC-EECA-491B-BF5D-8B35DA8A792D}.Release|Any CPU.Build.0 = Release|Any CPU
	EndGlobalSection
	GlobalSection(SolutionProperties) = preSolution
		HideSolutionNode = FALSE
	EndGlobalSection
	GlobalSection(ExtensibilityGlobals) = postSolution
		SolutionGuid = {5E18512D-E506-4162-B00E-36E9760ED19A}
	EndGlobalSection
EndGlobal
