
Microsoft Visual Studio Solution File, Format Version 12.00
# Visual Studio 15
VisualStudioVersion = 15.0.27004.2010
MinimumVisualStudioVersion = 10.0.40219.1
Project("{9A19103F-16F7-4668-BE54-9A1E7A4F7556}") = "Employees.App", "Employees.App\Employees.App.csproj", "{90EDB832-2462-40C0-8EFE-D504298A7266}"
EndProject
Project("{FAE04EC0-301F-11D3-BF4B-00C04F79EFBC}") = "Employees.Data", "Employees.Data\Employees.Data.csproj", "{F49A1DB8-118F-4980-BA06-C32ACA7333BB}"
EndProject
Project("{FAE04EC0-301F-11D3-BF4B-00C04F79EFBC}") = "Employees.Models", "Employees.Models\Employees.Models.csproj", "{C20BF809-BE6D-40E6-81F9-B375DD893225}"
EndProject
Project("{FAE04EC0-301F-11D3-BF4B-00C04F79EFBC}") = "Employees.Services", "Employees.Services\Employees.Services.csproj", "{B7273CED-5D9C-460B-A9B0-7BC45C3F7AA0}"
EndProject
Project("{FAE04EC0-301F-11D3-BF4B-00C04F79EFBC}") = "Employees.DtoModels", "Employees.DtoModels\Employees.DtoModels.csproj", "{AC8BE18A-E98A-442E-8C35-0928F6CA93F4}"
EndProject
Global
	GlobalSection(SolutionConfigurationPlatforms) = preSolution
		Debug|Any CPU = Debug|Any CPU
		Release|Any CPU = Release|Any CPU
	EndGlobalSection
	GlobalSection(ProjectConfigurationPlatforms) = postSolution
		{90EDB832-2462-40C0-8EFE-D504298A7266}.Debug|Any CPU.ActiveCfg = Debug|Any CPU
		{90EDB832-2462-40C0-8EFE-D504298A7266}.Debug|Any CPU.Build.0 = Debug|Any CPU
		{90EDB832-2462-40C0-8EFE-D504298A7266}.Release|Any CPU.ActiveCfg = Release|Any CPU
		{90EDB832-2462-40C0-8EFE-D504298A7266}.Release|Any CPU.Build.0 = Release|Any CPU
		{F49A1DB8-118F-4980-BA06-C32ACA7333BB}.Debug|Any CPU.ActiveCfg = Debug|Any CPU
		{F49A1DB8-118F-4980-BA06-C32ACA7333BB}.Debug|Any CPU.Build.0 = Debug|Any CPU
		{F49A1DB8-118F-4980-BA06-C32ACA7333BB}.Release|Any CPU.ActiveCfg = Release|Any CPU
		{F49A1DB8-118F-4980-BA06-C32ACA7333BB}.Release|Any CPU.Build.0 = Release|Any CPU
		{C20BF809-BE6D-40E6-81F9-B375DD893225}.Debug|Any CPU.ActiveCfg = Debug|Any CPU
		{C20BF809-BE6D-40E6-81F9-B375DD893225}.Debug|Any CPU.Build.0 = Debug|Any CPU
		{C20BF809-BE6D-40E6-81F9-B375DD893225}.Release|Any CPU.ActiveCfg = Release|Any CPU
		{C20BF809-BE6D-40E6-81F9-B375DD893225}.Release|Any CPU.Build.0 = Release|Any CPU
		{B7273CED-5D9C-460B-A9B0-7BC45C3F7AA0}.Debug|Any CPU.ActiveCfg = Debug|Any CPU
		{B7273CED-5D9C-460B-A9B0-7BC45C3F7AA0}.Debug|Any CPU.Build.0 = Debug|Any CPU
		{B7273CED-5D9C-460B-A9B0-7BC45C3F7AA0}.Release|Any CPU.ActiveCfg = Release|Any CPU
		{B7273CED-5D9C-460B-A9B0-7BC45C3F7AA0}.Release|Any CPU.Build.0 = Release|Any CPU
		{AC8BE18A-E98A-442E-8C35-0928F6CA93F4}.Debug|Any CPU.ActiveCfg = Debug|Any CPU
		{AC8BE18A-E98A-442E-8C35-0928F6CA93F4}.Debug|Any CPU.Build.0 = Debug|Any CPU
		{AC8BE18A-E98A-442E-8C35-0928F6CA93F4}.Release|Any CPU.ActiveCfg = Release|Any CPU
		{AC8BE18A-E98A-442E-8C35-0928F6CA93F4}.Release|Any CPU.Build.0 = Release|Any CPU
	EndGlobalSection
	GlobalSection(SolutionProperties) = preSolution
		HideSolutionNode = FALSE
	EndGlobalSection
	GlobalSection(ExtensibilityGlobals) = postSolution
		SolutionGuid = {48CE141F-A2A7-4110-B1EC-B9FE053E9E29}
	EndGlobalSection
EndGlobal
