
Microsoft Visual Studio Solution File, Format Version 12.00
# Visual Studio 15
VisualStudioVersion = 15.0.27130.2027
MinimumVisualStudioVersion = 10.0.40219.1
Project("{9A19103F-16F7-4668-BE54-9A1E7A4F7556}") = "HTML-Structure-Exercises", "HTML-Structure-Exercises\HTML-Structure-Exercises.csproj", "{65D0E8D6-07D2-469E-BB42-6AA0636D5B62}"
EndProject
Project("{9A19103F-16F7-4668-BE54-9A1E7A4F7556}") = "HTML-Structure-Lab", "HTML-Structure-Lab\HTML-Structure-Lab.csproj", "{186C210C-FD7D-4B99-96D5-41885CE59B04}"
EndProject
Global
	GlobalSection(SolutionConfigurationPlatforms) = preSolution
		Debug|Any CPU = Debug|Any CPU
		Release|Any CPU = Release|Any CPU
	EndGlobalSection
	GlobalSection(ProjectConfigurationPlatforms) = postSolution
		{65D0E8D6-07D2-469E-BB42-6AA0636D5B62}.Debug|Any CPU.ActiveCfg = Debug|Any CPU
		{65D0E8D6-07D2-469E-BB42-6AA0636D5B62}.Debug|Any CPU.Build.0 = Debug|Any CPU
		{65D0E8D6-07D2-469E-BB42-6AA0636D5B62}.Release|Any CPU.ActiveCfg = Release|Any CPU
		{65D0E8D6-07D2-469E-BB42-6AA0636D5B62}.Release|Any CPU.Build.0 = Release|Any CPU
		{186C210C-FD7D-4B99-96D5-41885CE59B04}.Debug|Any CPU.ActiveCfg = Debug|Any CPU
		{186C210C-FD7D-4B99-96D5-41885CE59B04}.Debug|Any CPU.Build.0 = Debug|Any CPU
		{186C210C-FD7D-4B99-96D5-41885CE59B04}.Release|Any CPU.ActiveCfg = Release|Any CPU
		{186C210C-FD7D-4B99-96D5-41885CE59B04}.Release|Any CPU.Build.0 = Release|Any CPU
	EndGlobalSection
	GlobalSection(SolutionProperties) = preSolution
		HideSolutionNode = FALSE
	EndGlobalSection
	GlobalSection(ExtensibilityGlobals) = postSolution
		SolutionGuid = {40E8BBEB-8740-4DFC-9C45-BBF3208CF5D8}
	EndGlobalSection
EndGlobal
